
Microsoft Visual Studio Solution File, Format Version 12.00
# Visual Studio 15
VisualStudioVersion = 15.0.28307.645
MinimumVisualStudioVersion = 10.0.40219.1
Project("{FAE04EC0-301F-11D3-BF4B-00C04F79EFBC}") = "myShoeRack", "myShoeRack\myShoeRack.csproj", "{A52F2192-1AB2-4380-9B1F-606B89EE8C05}"
EndProject
Global
	GlobalSection(SolutionConfigurationPlatforms) = preSolution
		Debug|Any CPU = Debug|Any CPU
		Release|Any CPU = Release|Any CPU
	EndGlobalSection
	GlobalSection(ProjectConfigurationPlatforms) = postSolution
		{A52F2192-1AB2-4380-9B1F-606B89EE8C05}.Debug|Any CPU.ActiveCfg = Debug|Any CPU
		{A52F2192-1AB2-4380-9B1F-606B89EE8C05}.Debug|Any CPU.Build.0 = Debug|Any CPU
		{A52F2192-1AB2-4380-9B1F-606B89EE8C05}.Release|Any CPU.ActiveCfg = Release|Any CPU
		{A52F2192-1AB2-4380-9B1F-606B89EE8C05}.Release|Any CPU.Build.0 = Release|Any CPU
	EndGlobalSection
	GlobalSection(SolutionProperties) = preSolution
		HideSolutionNode = FALSE
	EndGlobalSection
	GlobalSection(ExtensibilityGlobals) = postSolution
		SolutionGuid = {862D16AD-AFE3-4E7D-B82C-92BA34220FE3}
	EndGlobalSection
EndGlobal
